
Microsoft Visual Studio Solution File, Format Version 12.00
# Visual Studio 14
VisualStudioVersion = 14.0.23107.0
MinimumVisualStudioVersion = 10.0.40219.1
Project("{FAE04EC0-301F-11D3-BF4B-00C04F79EFBC}") = "Latihan_2_1", "Latihan_2_1\Latihan_2_1.csproj", "{3CE66423-25D4-4DD8-AF87-411866A3D840}"
EndProject
Project("{FAE04EC0-301F-11D3-BF4B-00C04F79EFBC}") = "Latihan_1_1", "Latihan_1_1\Latihan_1_1.csproj", "{16059004-DA6E-4ECD-861F-6D875A72DC3A}"
EndProject
Project("{FAE04EC0-301F-11D3-BF4B-00C04F79EFBC}") = "Latihan_3_1", "Latihan_3_1\Latihan_3_1.csproj", "{54158993-B2D0-4FE3-9F76-41FA17B3C001}"
EndProject
Project("{FAE04EC0-301F-11D3-BF4B-00C04F79EFBC}") = "Latihan_4_1", "Latihan_4_1\Latihan_4_1.csproj", "{6DCD1105-BFC5-4091-BE16-39EBB364BF41}"
EndProject
Project("{FAE04EC0-301F-11D3-BF4B-00C04F79EFBC}") = "Latihan_5_1", "Latihan_5_1\Latihan_5_1.csproj", "{FD71D05B-43F3-4E55-BEC9-F22C1C627D89}"
EndProject
Project("{FAE04EC0-301F-11D3-BF4B-00C04F79EFBC}") = "volleyball_problem", "volleyball_problem\volleyball_problem.csproj", "{3878AFF7-E5E6-4CA4-9FB5-8D79C9BB4CBA}"
EndProject
Global
	GlobalSection(SolutionConfigurationPlatforms) = preSolution
		Debug|Any CPU = Debug|Any CPU
		Release|Any CPU = Release|Any CPU
	EndGlobalSection
	GlobalSection(ProjectConfigurationPlatforms) = postSolution
		{3CE66423-25D4-4DD8-AF87-411866A3D840}.Debug|Any CPU.ActiveCfg = Debug|Any CPU
		{3CE66423-25D4-4DD8-AF87-411866A3D840}.Debug|Any CPU.Build.0 = Debug|Any CPU
		{3CE66423-25D4-4DD8-AF87-411866A3D840}.Release|Any CPU.ActiveCfg = Release|Any CPU
		{3CE66423-25D4-4DD8-AF87-411866A3D840}.Release|Any CPU.Build.0 = Release|Any CPU
		{16059004-DA6E-4ECD-861F-6D875A72DC3A}.Debug|Any CPU.ActiveCfg = Debug|Any CPU
		{16059004-DA6E-4ECD-861F-6D875A72DC3A}.Debug|Any CPU.Build.0 = Debug|Any CPU
		{16059004-DA6E-4ECD-861F-6D875A72DC3A}.Release|Any CPU.ActiveCfg = Release|Any CPU
		{16059004-DA6E-4ECD-861F-6D875A72DC3A}.Release|Any CPU.Build.0 = Release|Any CPU
		{54158993-B2D0-4FE3-9F76-41FA17B3C001}.Debug|Any CPU.ActiveCfg = Debug|Any CPU
		{54158993-B2D0-4FE3-9F76-41FA17B3C001}.Debug|Any CPU.Build.0 = Debug|Any CPU
		{54158993-B2D0-4FE3-9F76-41FA17B3C001}.Release|Any CPU.ActiveCfg = Release|Any CPU
		{54158993-B2D0-4FE3-9F76-41FA17B3C001}.Release|Any CPU.Build.0 = Release|Any CPU
		{6DCD1105-BFC5-4091-BE16-39EBB364BF41}.Debug|Any CPU.ActiveCfg = Debug|Any CPU
		{6DCD1105-BFC5-4091-BE16-39EBB364BF41}.Debug|Any CPU.Build.0 = Debug|Any CPU
		{6DCD1105-BFC5-4091-BE16-39EBB364BF41}.Release|Any CPU.ActiveCfg = Release|Any CPU
		{6DCD1105-BFC5-4091-BE16-39EBB364BF41}.Release|Any CPU.Build.0 = Release|Any CPU
		{FD71D05B-43F3-4E55-BEC9-F22C1C627D89}.Debug|Any CPU.ActiveCfg = Debug|Any CPU
		{FD71D05B-43F3-4E55-BEC9-F22C1C627D89}.Debug|Any CPU.Build.0 = Debug|Any CPU
		{FD71D05B-43F3-4E55-BEC9-F22C1C627D89}.Release|Any CPU.ActiveCfg = Release|Any CPU
		{FD71D05B-43F3-4E55-BEC9-F22C1C627D89}.Release|Any CPU.Build.0 = Release|Any CPU
		{3878AFF7-E5E6-4CA4-9FB5-8D79C9BB4CBA}.Debug|Any CPU.ActiveCfg = Debug|Any CPU
		{3878AFF7-E5E6-4CA4-9FB5-8D79C9BB4CBA}.Debug|Any CPU.Build.0 = Debug|Any CPU
		{3878AFF7-E5E6-4CA4-9FB5-8D79C9BB4CBA}.Release|Any CPU.ActiveCfg = Release|Any CPU
		{3878AFF7-E5E6-4CA4-9FB5-8D79C9BB4CBA}.Release|Any CPU.Build.0 = Release|Any CPU
	EndGlobalSection
	GlobalSection(SolutionProperties) = preSolution
		HideSolutionNode = FALSE
	EndGlobalSection
EndGlobal
